
Microsoft Visual Studio Solution File, Format Version 12.00
# Visual Studio 15
Project("{FAE04EC0-301F-11D3-BF4B-00C04F79EFBC}") = "Assembly-CSharp", "Assembly-CSharp.csproj", "{C519DD9A-2696-8FD2-15EA-B3690702568D}"
EndProject
Project("{FAE04EC0-301F-11D3-BF4B-00C04F79EFBC}") = "Assembly-CSharp-Editor", "Assembly-CSharp-Editor.csproj", "{4932BC12-5E9C-C553-F255-D17B41560E28}"
EndProject
Global
	GlobalSection(SolutionConfigurationPlatforms) = preSolution
		Debug|Any CPU = Debug|Any CPU
		Release|Any CPU = Release|Any CPU
	EndGlobalSection
	GlobalSection(ProjectConfigurationPlatforms) = postSolution
		{C519DD9A-2696-8FD2-15EA-B3690702568D}.Debug|Any CPU.ActiveCfg = Debug|Any CPU
		{C519DD9A-2696-8FD2-15EA-B3690702568D}.Debug|Any CPU.Build.0 = Debug|Any CPU
		{C519DD9A-2696-8FD2-15EA-B3690702568D}.Release|Any CPU.ActiveCfg = Release|Any CPU
		{C519DD9A-2696-8FD2-15EA-B3690702568D}.Release|Any CPU.Build.0 = Release|Any CPU
		{4932BC12-5E9C-C553-F255-D17B41560E28}.Debug|Any CPU.ActiveCfg = Debug|Any CPU
		{4932BC12-5E9C-C553-F255-D17B41560E28}.Debug|Any CPU.Build.0 = Debug|Any CPU
		{4932BC12-5E9C-C553-F255-D17B41560E28}.Release|Any CPU.ActiveCfg = Release|Any CPU
		{4932BC12-5E9C-C553-F255-D17B41560E28}.Release|Any CPU.Build.0 = Release|Any CPU
	EndGlobalSection
	GlobalSection(SolutionProperties) = preSolution
		HideSolutionNode = FALSE
	EndGlobalSection
EndGlobal
